
Microsoft Visual Studio Solution File, Format Version 12.00
# Visual Studio Version 16
VisualStudioVersion = 16.0.29411.108
MinimumVisualStudioVersion = 10.0.40219.1
Project("{FAE04EC0-301F-11D3-BF4B-00C04F79EFBC}") = "Restaurant", "Restaurant\Restaurant.csproj", "{CC721E85-F019-4A29-BFEE-C12E3D6407F4}"
EndProject
Global
	GlobalSection(SolutionConfigurationPlatforms) = preSolution
		Debug|Any CPU = Debug|Any CPU
		Release|Any CPU = Release|Any CPU
	EndGlobalSection
	GlobalSection(ProjectConfigurationPlatforms) = postSolution
		{CC721E85-F019-4A29-BFEE-C12E3D6407F4}.Debug|Any CPU.ActiveCfg = Debug|Any CPU
		{CC721E85-F019-4A29-BFEE-C12E3D6407F4}.Debug|Any CPU.Build.0 = Debug|Any CPU
		{CC721E85-F019-4A29-BFEE-C12E3D6407F4}.Release|Any CPU.ActiveCfg = Release|Any CPU
		{CC721E85-F019-4A29-BFEE-C12E3D6407F4}.Release|Any CPU.Build.0 = Release|Any CPU
	EndGlobalSection
	GlobalSection(SolutionProperties) = preSolution
		HideSolutionNode = FALSE
	EndGlobalSection
	GlobalSection(ExtensibilityGlobals) = postSolution
		SolutionGuid = {AA76923C-F703-4954-B950-E521AA524A72}
	EndGlobalSection
EndGlobal
